
Microsoft Visual Studio Solution File, Format Version 12.00
# Visual Studio 15
VisualStudioVersion = 15.0.27130.2024
MinimumVisualStudioVersion = 10.0.40219.1
Project("{FAE04EC0-301F-11D3-BF4B-00C04F79EFBC}") = "EcoSAN-Web", "EcoSAN-Web\EcoSAN-Web.csproj", "{F7B50F6C-7FBA-4DE7-8811-5DEA84B61CC3}"
EndProject
Global
	GlobalSection(SolutionConfigurationPlatforms) = preSolution
		Debug|Any CPU = Debug|Any CPU
		Release|Any CPU = Release|Any CPU
	EndGlobalSection
	GlobalSection(ProjectConfigurationPlatforms) = postSolution
		{F7B50F6C-7FBA-4DE7-8811-5DEA84B61CC3}.Debug|Any CPU.ActiveCfg = Debug|Any CPU
		{F7B50F6C-7FBA-4DE7-8811-5DEA84B61CC3}.Debug|Any CPU.Build.0 = Debug|Any CPU
		{F7B50F6C-7FBA-4DE7-8811-5DEA84B61CC3}.Release|Any CPU.ActiveCfg = Release|Any CPU
		{F7B50F6C-7FBA-4DE7-8811-5DEA84B61CC3}.Release|Any CPU.Build.0 = Release|Any CPU
	EndGlobalSection
	GlobalSection(SolutionProperties) = preSolution
		HideSolutionNode = FALSE
	EndGlobalSection
	GlobalSection(ExtensibilityGlobals) = postSolution
		SolutionGuid = {6BB42336-D1D9-4CFF-B939-6E3C72D523CC}
	EndGlobalSection
EndGlobal
